
Microsoft Visual Studio Solution File, Format Version 12.00
# Visual Studio Version 17
VisualStudioVersion = 17.0.31903.59
MinimumVisualStudioVersion = 10.0.40219.1
Project("{FAE04EC0-301F-11D3-BF4B-00C04F79EFBC}") = "RoguelikeWFC", "src\RoguelikeWFC.csproj", "{FD77CC18-7CD1-46D3-B23B-4956607B3466}"
EndProject
Project("{FAE04EC0-301F-11D3-BF4B-00C04F79EFBC}") = "LawGen", "LawGen\LawGen.csproj", "{7C5C2F74-A884-46AF-B8A5-98F553A41A1B}"
EndProject
Global
	GlobalSection(SolutionConfigurationPlatforms) = preSolution
		Debug|Any CPU = Debug|Any CPU
		Release|Any CPU = Release|Any CPU
	EndGlobalSection
	GlobalSection(SolutionProperties) = preSolution
		HideSolutionNode = FALSE
	EndGlobalSection
	GlobalSection(ProjectConfigurationPlatforms) = postSolution
		{FD77CC18-7CD1-46D3-B23B-4956607B3466}.Debug|Any CPU.ActiveCfg = Debug|Any CPU
		{FD77CC18-7CD1-46D3-B23B-4956607B3466}.Debug|Any CPU.Build.0 = Debug|Any CPU
		{FD77CC18-7CD1-46D3-B23B-4956607B3466}.Release|Any CPU.ActiveCfg = Release|Any CPU
		{FD77CC18-7CD1-46D3-B23B-4956607B3466}.Release|Any CPU.Build.0 = Release|Any CPU
		{7C5C2F74-A884-46AF-B8A5-98F553A41A1B}.Debug|Any CPU.ActiveCfg = Debug|Any CPU
		{7C5C2F74-A884-46AF-B8A5-98F553A41A1B}.Debug|Any CPU.Build.0 = Debug|Any CPU
		{7C5C2F74-A884-46AF-B8A5-98F553A41A1B}.Release|Any CPU.ActiveCfg = Release|Any CPU
		{7C5C2F74-A884-46AF-B8A5-98F553A41A1B}.Release|Any CPU.Build.0 = Release|Any CPU
	EndGlobalSection
EndGlobal
